
Microsoft Visual Studio Solution File, Format Version 12.00
# Visual Studio Version 16
VisualStudioVersion = 16.0.30413.136
MinimumVisualStudioVersion = 10.0.40219.1
Project("{FAE04EC0-301F-11D3-BF4B-00C04F79EFBC}") = "TicTacToe", "TicTacToe.csproj", "{4DD85019-56A3-4BE9-9622-F806C19FC3CD}"
EndProject
Global
	GlobalSection(SolutionConfigurationPlatforms) = preSolution
		Debug|Any CPU = Debug|Any CPU
		Release|Any CPU = Release|Any CPU
	EndGlobalSection
	GlobalSection(ProjectConfigurationPlatforms) = postSolution
		{4DD85019-56A3-4BE9-9622-F806C19FC3CD}.Debug|Any CPU.ActiveCfg = Debug|Any CPU
		{4DD85019-56A3-4BE9-9622-F806C19FC3CD}.Debug|Any CPU.Build.0 = Debug|Any CPU
		{4DD85019-56A3-4BE9-9622-F806C19FC3CD}.Release|Any CPU.ActiveCfg = Release|Any CPU
		{4DD85019-56A3-4BE9-9622-F806C19FC3CD}.Release|Any CPU.Build.0 = Release|Any CPU
	EndGlobalSection
	GlobalSection(SolutionProperties) = preSolution
		HideSolutionNode = FALSE
	EndGlobalSection
	GlobalSection(ExtensibilityGlobals) = postSolution
		SolutionGuid = {81A157A7-CA4A-4A24-917E-D6909F2D8CD8}
	EndGlobalSection
EndGlobal
